// !$*UTF8*$!
{
	archiveVersion = 1;
	classes = {
	};
	objectVersion = 46;
	objects = {

/* Begin PBXBuildFile section */
		4623855B1A03B95000D1149D /* SearchPage.h in Headers */ = {isa = PBXBuildFile; fileRef = 462385591A03B95000D1149D /* SearchPage.h */; };
		4623855C1A03B95000D1149D /* SearchPage.m in Sources */ = {isa = PBXBuildFile; fileRef = 4623855A1A03B95000D1149D /* SearchPage.m */; };
		466D0C2F1A0287780056FE2D /* SearchViewController.h in Headers */ = {isa = PBXBuildFile; fileRef = 466D0C2D1A0287780056FE2D /* SearchViewController.h */; };
		466D0C301A0287780056FE2D /* SearchViewController.m in Sources */ = {isa = PBXBuildFile; fileRef = 466D0C2E1A0287780056FE2D /* SearchViewController.m */; };
		46982E2319FD025C000A3573 /* libxml2.dylib in Frameworks */ = {isa = PBXBuildFile; fileRef = 46982E2219FD025C000A3573 /* libxml2.dylib */; };
		46A59B911A03B372002EB306 /* OEISPage.m in Sources */ = {isa = PBXBuildFile; fileRef = 46A59B901A03B372002EB306 /* OEISPage.m */; };
		46BD0E2E19F9296F005402D7 /* EncyclopediaPage.m in Sources */ = {isa = PBXBuildFile; fileRef = 46BD0E2D19F9296F005402D7 /* EncyclopediaPage.m */; };
		46C0D63919E4318100BDE08D /* main.m in Sources */ = {isa = PBXBuildFile; fileRef = 46C0D63819E4318100BDE08D /* main.m */; };
		46C0D63C19E4318100BDE08D /* AppDelegate.m in Sources */ = {isa = PBXBuildFile; fileRef = 46C0D63B19E4318100BDE08D /* AppDelegate.m */; };
		46C0D63F19E4318100BDE08D /* HomeScreenViewController.m in Sources */ = {isa = PBXBuildFile; fileRef = 46C0D63E19E4318100BDE08D /* HomeScreenViewController.m */; };
		46C0D64219E4318100BDE08D /* Main.storyboard in Resources */ = {isa = PBXBuildFile; fileRef = 46C0D64019E4318100BDE08D /* Main.storyboard */; };
		46C0D64419E4318100BDE08D /* Images.xcassets in Resources */ = {isa = PBXBuildFile; fileRef = 46C0D64319E4318100BDE08D /* Images.xcassets */; };
		46C0D64719E4318100BDE08D /* LaunchScreen.xib in Resources */ = {isa = PBXBuildFile; fileRef = 46C0D64519E4318100BDE08D /* LaunchScreen.xib */; };
		46C0D65319E4318100BDE08D /* EncyclopediaOfIntegerSequencesTests.m in Sources */ = {isa = PBXBuildFile; fileRef = 46C0D65219E4318100BDE08D /* EncyclopediaOfIntegerSequencesTests.m */; };
		46F61CF619FD0B1900EBE7E6 /* TFHpple.h in Headers */ = {isa = PBXBuildFile; fileRef = 46F61CED19FD0B1900EBE7E6 /* TFHpple.h */; };
		46F61CF719FD0B1900EBE7E6 /* TFHpple.m in Sources */ = {isa = PBXBuildFile; fileRef = 46F61CEE19FD0B1900EBE7E6 /* TFHpple.m */; };
		46F61CF819FD0B1900EBE7E6 /* TFHppleElement.h in Headers */ = {isa = PBXBuildFile; fileRef = 46F61CEF19FD0B1900EBE7E6 /* TFHppleElement.h */; };
		46F61CF919FD0B1900EBE7E6 /* TFHppleElement.m in Sources */ = {isa = PBXBuildFile; fileRef = 46F61CF019FD0B1900EBE7E6 /* TFHppleElement.m */; };
		46F61CFA19FD0B1900EBE7E6 /* XPathQuery.h in Headers */ = {isa = PBXBuildFile; fileRef = 46F61CF119FD0B1900EBE7E6 /* XPathQuery.h */; };
		46F61CFB19FD0B1900EBE7E6 /* XPathQuery.m in Sources */ = {isa = PBXBuildFile; fileRef = 46F61CF219FD0B1900EBE7E6 /* XPathQuery.m */; };
/* End PBXBuildFile section */

/* Begin PBXContainerItemProxy section */
		46C0D64D19E4318100BDE08D /* PBXContainerItemProxy */ = {
			isa = PBXContainerItemProxy;
			containerPortal = 46C0D62B19E4318100BDE08D /* Project object */;
			proxyType = 1;
			remoteGlobalIDString = 46C0D63219E4318100BDE08D;
			remoteInfo = EncyclopediaOfIntegerSequences;
		};
/* End PBXContainerItemProxy section */

/* Begin PBXFileReference section */
		462385591A03B95000D1149D /* SearchPage.h */ = {isa = PBXFileReference; fileEncoding = 4; lastKnownFileType = sourcecode.c.h; name = SearchPage.h; path = Model/SearchPage.h; sourceTree = "<group>"; };
		4623855A1A03B95000D1149D /* SearchPage.m */ = {isa = PBXFileReference; fileEncoding = 4; lastKnownFileType = sourcecode.c.objc; name = SearchPage.m; path = Model/SearchPage.m; sourceTree = "<group>"; };
		466D0C2D1A0287780056FE2D /* SearchViewController.h */ = {isa = PBXFileReference; fileEncoding = 4; lastKnownFileType = sourcecode.c.h; path = SearchViewController.h; sourceTree = "<group>"; };
		466D0C2E1A0287780056FE2D /* SearchViewController.m */ = {isa = PBXFileReference; fileEncoding = 4; lastKnownFileType = sourcecode.c.objc; path = SearchViewController.m; sourceTree = "<group>"; };
		46982E2219FD025C000A3573 /* libxml2.dylib */ = {isa = PBXFileReference; lastKnownFileType = "compiled.mach-o.dylib"; name = libxml2.dylib; path = usr/lib/libxml2.dylib; sourceTree = SDKROOT; };
		46A59B8F1A03B372002EB306 /* OEISPage.h */ = {isa = PBXFileReference; fileEncoding = 4; indentWidth = 4; lastKnownFileType = sourcecode.c.h; name = OEISPage.h; path = Model/OEISPage.h; sourceTree = "<group>"; tabWidth = 4; usesTabs = 0; wrapsLines = 1; };
		46A59B901A03B372002EB306 /* OEISPage.m */ = {isa = PBXFileReference; fileEncoding = 4; indentWidth = 4; lastKnownFileType = sourcecode.c.objc; name = OEISPage.m; path = Model/OEISPage.m; sourceTree = "<group>"; tabWidth = 4; usesTabs = 0; wrapsLines = 1; };
		46BD0E2C19F9296F005402D7 /* EncyclopediaPage.h */ = {isa = PBXFileReference; fileEncoding = 4; lastKnownFileType = sourcecode.c.h; name = EncyclopediaPage.h; path = Model/EncyclopediaPage.h; sourceTree = "<group>"; };
		46BD0E2D19F9296F005402D7 /* EncyclopediaPage.m */ = {isa = PBXFileReference; fileEncoding = 4; lastKnownFileType = sourcecode.c.objc; name = EncyclopediaPage.m; path = Model/EncyclopediaPage.m; sourceTree = "<group>"; };
		46C0D63319E4318100BDE08D /* EncyclopediaOfIntegerSequences.app */ = {isa = PBXFileReference; explicitFileType = wrapper.application; includeInIndex = 0; path = EncyclopediaOfIntegerSequences.app; sourceTree = BUILT_PRODUCTS_DIR; };
		46C0D63719E4318100BDE08D /* Info.plist */ = {isa = PBXFileReference; lastKnownFileType = text.plist.xml; path = Info.plist; sourceTree = "<group>"; };
		46C0D63819E4318100BDE08D /* main.m */ = {isa = PBXFileReference; lastKnownFileType = sourcecode.c.objc; path = main.m; sourceTree = "<group>"; };
		46C0D63A19E4318100BDE08D /* AppDelegate.h */ = {isa = PBXFileReference; lastKnownFileType = sourcecode.c.h; path = AppDelegate.h; sourceTree = "<group>"; };
		46C0D63B19E4318100BDE08D /* AppDelegate.m */ = {isa = PBXFileReference; lastKnownFileType = sourcecode.c.objc; path = AppDelegate.m; sourceTree = "<group>"; };
		46C0D63D19E4318100BDE08D /* HomeScreenViewController.h */ = {isa = PBXFileReference; lastKnownFileType = sourcecode.c.h; path = HomeScreenViewController.h; sourceTree = "<group>"; };
		46C0D63E19E4318100BDE08D /* HomeScreenViewController.m */ = {isa = PBXFileReference; lastKnownFileType = sourcecode.c.objc; path = HomeScreenViewController.m; sourceTree = "<group>"; };
		46C0D64119E4318100BDE08D /* Base */ = {isa = PBXFileReference; lastKnownFileType = file.storyboard; name = Base; path = Base.lproj/Main.storyboard; sourceTree = "<group>"; };
		46C0D64319E4318100BDE08D /* Images.xcassets */ = {isa = PBXFileReference; lastKnownFileType = folder.assetcatalog; path = Images.xcassets; sourceTree = "<group>"; };
		46C0D64619E4318100BDE08D /* Base */ = {isa = PBXFileReference; lastKnownFileType = file.xib; name = Base; path = Base.lproj/LaunchScreen.xib; sourceTree = "<group>"; };
		46C0D64C19E4318100BDE08D /* EncyclopediaOfIntegerSequencesTests.xctest */ = {isa = PBXFileReference; explicitFileType = wrapper.cfbundle; includeInIndex = 0; path = EncyclopediaOfIntegerSequencesTests.xctest; sourceTree = BUILT_PRODUCTS_DIR; };
		46C0D65119E4318100BDE08D /* Info.plist */ = {isa = PBXFileReference; lastKnownFileType = text.plist.xml; path = Info.plist; sourceTree = "<group>"; };
		46C0D65219E4318100BDE08D /* EncyclopediaOfIntegerSequencesTests.m */ = {isa = PBXFileReference; lastKnownFileType = sourcecode.c.objc; path = EncyclopediaOfIntegerSequencesTests.m; sourceTree = "<group>"; };
		46F61CED19FD0B1900EBE7E6 /* TFHpple.h */ = {isa = PBXFileReference; fileEncoding = 4; lastKnownFileType = sourcecode.c.h; path = TFHpple.h; sourceTree = "<group>"; };
		46F61CEE19FD0B1900EBE7E6 /* TFHpple.m */ = {isa = PBXFileReference; fileEncoding = 4; lastKnownFileType = sourcecode.c.objc; path = TFHpple.m; sourceTree = "<group>"; };
		46F61CEF19FD0B1900EBE7E6 /* TFHppleElement.h */ = {isa = PBXFileReference; fileEncoding = 4; lastKnownFileType = sourcecode.c.h; path = TFHppleElement.h; sourceTree = "<group>"; };
		46F61CF019FD0B1900EBE7E6 /* TFHppleElement.m */ = {isa = PBXFileReference; fileEncoding = 4; lastKnownFileType = sourcecode.c.objc; path = TFHppleElement.m; sourceTree = "<group>"; };
		46F61CF119FD0B1900EBE7E6 /* XPathQuery.h */ = {isa = PBXFileReference; fileEncoding = 4; lastKnownFileType = sourcecode.c.h; path = XPathQuery.h; sourceTree = "<group>"; };
		46F61CF219FD0B1900EBE7E6 /* XPathQuery.m */ = {isa = PBXFileReference; fileEncoding = 4; lastKnownFileType = sourcecode.c.objc; path = XPathQuery.m; sourceTree = "<group>"; };
/* End PBXFileReference section */

/* Begin PBXFrameworksBuildPhase section */
		46C0D63019E4318100BDE08D /* Frameworks */ = {
			isa = PBXFrameworksBuildPhase;
			buildActionMask = 2147483647;
			files = (
				46982E2319FD025C000A3573 /* libxml2.dylib in Frameworks */,
			);
			runOnlyForDeploymentPostprocessing = 0;
		};
		46C0D64919E4318100BDE08D /* Frameworks */ = {
			isa = PBXFrameworksBuildPhase;
			buildActionMask = 2147483647;
			files = (
			);
			runOnlyForDeploymentPostprocessing = 0;
		};
/* End PBXFrameworksBuildPhase section */

/* Begin PBXGroup section */
		46BD0E2B19F92817005402D7 /* Model */ = {
			isa = PBXGroup;
			children = (
				46A59B8F1A03B372002EB306 /* OEISPage.h */,
				46A59B901A03B372002EB306 /* OEISPage.m */,
				462385591A03B95000D1149D /* SearchPage.h */,
				4623855A1A03B95000D1149D /* SearchPage.m */,
				46BD0E2C19F9296F005402D7 /* EncyclopediaPage.h */,
				46BD0E2D19F9296F005402D7 /* EncyclopediaPage.m */,
			);
			name = Model;
			sourceTree = "<group>";
		};
		46C0D62A19E4318100BDE08D = {
			isa = PBXGroup;
			children = (
				46982E2219FD025C000A3573 /* libxml2.dylib */,
				46C0D63519E4318100BDE08D /* EncyclopediaOfIntegerSequences */,
				46C0D64F19E4318100BDE08D /* EncyclopediaOfIntegerSequencesTests */,
				46C0D63419E4318100BDE08D /* Products */,
			);
			sourceTree = "<group>";
		};
		46C0D63419E4318100BDE08D /* Products */ = {
			isa = PBXGroup;
			children = (
				46C0D63319E4318100BDE08D /* EncyclopediaOfIntegerSequences.app */,
				46C0D64C19E4318100BDE08D /* EncyclopediaOfIntegerSequencesTests.xctest */,
			);
			name = Products;
			sourceTree = "<group>";
		};
		46C0D63519E4318100BDE08D /* EncyclopediaOfIntegerSequences */ = {
			isa = PBXGroup;
			children = (
				46C0D63A19E4318100BDE08D /* AppDelegate.h */,
				46C0D63B19E4318100BDE08D /* AppDelegate.m */,
				46C0D63D19E4318100BDE08D /* HomeScreenViewController.h */,
				46C0D63E19E4318100BDE08D /* HomeScreenViewController.m */,
				466D0C2D1A0287780056FE2D /* SearchViewController.h */,
				466D0C2E1A0287780056FE2D /* SearchViewController.m */,
				46C0D64019E4318100BDE08D /* Main.storyboard */,
				46BD0E2B19F92817005402D7 /* Model */,
				46F61CE919FD0B1900EBE7E6 /* hpple */,
				46C0D64319E4318100BDE08D /* Images.xcassets */,
				46C0D64519E4318100BDE08D /* LaunchScreen.xib */,
				46C0D63619E4318100BDE08D /* Supporting Files */,
			);
			path = EncyclopediaOfIntegerSequences;
			sourceTree = "<group>";
		};
		46C0D63619E4318100BDE08D /* Supporting Files */ = {
			isa = PBXGroup;
			children = (
				46C0D63719E4318100BDE08D /* Info.plist */,
				46C0D63819E4318100BDE08D /* main.m */,
			);
			name = "Supporting Files";
			sourceTree = "<group>";
		};
		46C0D64F19E4318100BDE08D /* EncyclopediaOfIntegerSequencesTests */ = {
			isa = PBXGroup;
			children = (
				46C0D65219E4318100BDE08D /* EncyclopediaOfIntegerSequencesTests.m */,
				46C0D65019E4318100BDE08D /* Supporting Files */,
			);
			path = EncyclopediaOfIntegerSequencesTests;
			sourceTree = "<group>";
		};
		46C0D65019E4318100BDE08D /* Supporting Files */ = {
			isa = PBXGroup;
			children = (
				46C0D65119E4318100BDE08D /* Info.plist */,
			);
			name = "Supporting Files";
			sourceTree = "<group>";
		};
		46F61CE919FD0B1900EBE7E6 /* hpple */ = {
			isa = PBXGroup;
			children = (
				46F61CED19FD0B1900EBE7E6 /* TFHpple.h */,
				46F61CEE19FD0B1900EBE7E6 /* TFHpple.m */,
				46F61CEF19FD0B1900EBE7E6 /* TFHppleElement.h */,
				46F61CF019FD0B1900EBE7E6 /* TFHppleElement.m */,
				46F61CF119FD0B1900EBE7E6 /* XPathQuery.h */,
				46F61CF219FD0B1900EBE7E6 /* XPathQuery.m */,
			);
			path = hpple;
			sourceTree = "<group>";
		};
/* End PBXGroup section */

/* Begin PBXHeadersBuildPhase section */
		466ACC2B19FC31F20089DB2A /* Headers */ = {
			isa = PBXHeadersBuildPhase;
			buildActionMask = 2147483647;
			files = (
				46F61CFA19FD0B1900EBE7E6 /* XPathQuery.h in Headers */,
				4623855B1A03B95000D1149D /* SearchPage.h in Headers */,
				466D0C2F1A0287780056FE2D /* SearchViewController.h in Headers */,
				46F61CF619FD0B1900EBE7E6 /* TFHpple.h in Headers */,
				46F61CF819FD0B1900EBE7E6 /* TFHppleElement.h in Headers */,
			);
			runOnlyForDeploymentPostprocessing = 0;
		};
/* End PBXHeadersBuildPhase section */

/* Begin PBXNativeTarget section */
		46C0D63219E4318100BDE08D /* EncyclopediaOfIntegerSequences */ = {
			isa = PBXNativeTarget;
			buildConfigurationList = 46C0D65619E4318100BDE08D /* Build configuration list for PBXNativeTarget "EncyclopediaOfIntegerSequences" */;
			buildPhases = (
				46C0D62F19E4318100BDE08D /* Sources */,
				46C0D63019E4318100BDE08D /* Frameworks */,
				46C0D63119E4318100BDE08D /* Resources */,
				466ACC2B19FC31F20089DB2A /* Headers */,
			);
			buildRules = (
			);
			dependencies = (
			);
			name = EncyclopediaOfIntegerSequences;
			productName = EncyclopediaOfIntegerSequences;
			productReference = 46C0D63319E4318100BDE08D /* EncyclopediaOfIntegerSequences.app */;
			productType = "com.apple.product-type.application";
		};
		46C0D64B19E4318100BDE08D /* EncyclopediaOfIntegerSequencesTests */ = {
			isa = PBXNativeTarget;
			buildConfigurationList = 46C0D65919E4318100BDE08D /* Build configuration list for PBXNativeTarget "EncyclopediaOfIntegerSequencesTests" */;
			buildPhases = (
				46C0D64819E4318100BDE08D /* Sources */,
				46C0D64919E4318100BDE08D /* Frameworks */,
				46C0D64A19E4318100BDE08D /* Resources */,
			);
			buildRules = (
			);
			dependencies = (
				46C0D64E19E4318100BDE08D /* PBXTargetDependency */,
			);
			name = EncyclopediaOfIntegerSequencesTests;
			productName = EncyclopediaOfIntegerSequencesTests;
			productReference = 46C0D64C19E4318100BDE08D /* EncyclopediaOfIntegerSequencesTests.xctest */;
			productType = "com.apple.product-type.bundle.unit-test";
		};
/* End PBXNativeTarget section */

/* Begin PBXProject section */
		46C0D62B19E4318100BDE08D /* Project object */ = {
			isa = PBXProject;
			attributes = {
				LastUpgradeCheck = 0600;
				ORGANIZATIONNAME = "Donal O'Shea";
				TargetAttributes = {
					46C0D63219E4318100BDE08D = {
						CreatedOnToolsVersion = 6.0.1;
					};
					46C0D64B19E4318100BDE08D = {
						CreatedOnToolsVersion = 6.0.1;
						TestTargetID = 46C0D63219E4318100BDE08D;
					};
				};
			};
			buildConfigurationList = 46C0D62E19E4318100BDE08D /* Build configuration list for PBXProject "EncyclopediaOfIntegerSequences" */;
			compatibilityVersion = "Xcode 3.2";
			developmentRegion = English;
			hasScannedForEncodings = 0;
			knownRegions = (
				en,
				Base,
			);
			mainGroup = 46C0D62A19E4318100BDE08D;
			productRefGroup = 46C0D63419E4318100BDE08D /* Products */;
			projectDirPath = "";
			projectRoot = "";
			targets = (
				46C0D63219E4318100BDE08D /* EncyclopediaOfIntegerSequences */,
				46C0D64B19E4318100BDE08D /* EncyclopediaOfIntegerSequencesTests */,
			);
		};
/* End PBXProject section */

/* Begin PBXResourcesBuildPhase section */
		46C0D63119E4318100BDE08D /* Resources */ = {
			isa = PBXResourcesBuildPhase;
			buildActionMask = 2147483647;
			files = (
				46C0D64219E4318100BDE08D /* Main.storyboard in Resources */,
				46C0D64719E4318100BDE08D /* LaunchScreen.xib in Resources */,
				46C0D64419E4318100BDE08D /* Images.xcassets in Resources */,
			);
			runOnlyForDeploymentPostprocessing = 0;
		};
		46C0D64A19E4318100BDE08D /* Resources */ = {
			isa = PBXResourcesBuildPhase;
			buildActionMask = 2147483647;
			files = (
			);
			runOnlyForDeploymentPostprocessing = 0;
		};
/* End PBXResourcesBuildPhase section */

/* Begin PBXSourcesBuildPhase section */
		46C0D62F19E4318100BDE08D /* Sources */ = {
			isa = PBXSourcesBuildPhase;
			buildActionMask = 2147483647;
			files = (
				46F61CF919FD0B1900EBE7E6 /* TFHppleElement.m in Sources */,
				46F61CFB19FD0B1900EBE7E6 /* XPathQuery.m in Sources */,
				46F61CF719FD0B1900EBE7E6 /* TFHpple.m in Sources */,
				46C0D63F19E4318100BDE08D /* HomeScreenViewController.m in Sources */,
				46C0D63C19E4318100BDE08D /* AppDelegate.m in Sources */,
				46A59B911A03B372002EB306 /* OEISPage.m in Sources */,
				4623855C1A03B95000D1149D /* SearchPage.m in Sources */,
				46BD0E2E19F9296F005402D7 /* EncyclopediaPage.m in Sources */,
				466D0C301A0287780056FE2D /* SearchViewController.m in Sources */,
				46C0D63919E4318100BDE08D /* main.m in Sources */,
			);
			runOnlyForDeploymentPostprocessing = 0;
		};
		46C0D64819E4318100BDE08D /* Sources */ = {
			isa = PBXSourcesBuildPhase;
			buildActionMask = 2147483647;
			files = (
				46C0D65319E4318100BDE08D /* EncyclopediaOfIntegerSequencesTests.m in Sources */,
			);
			runOnlyForDeploymentPostprocessing = 0;
		};
/* End PBXSourcesBuildPhase section */

/* Begin PBXTargetDependency section */
		46C0D64E19E4318100BDE08D /* PBXTargetDependency */ = {
			isa = PBXTargetDependency;
			target = 46C0D63219E4318100BDE08D /* EncyclopediaOfIntegerSequences */;
			targetProxy = 46C0D64D19E4318100BDE08D /* PBXContainerItemProxy */;
		};
/* End PBXTargetDependency section */

/* Begin PBXVariantGroup section */
		46C0D64019E4318100BDE08D /* Main.storyboard */ = {
			isa = PBXVariantGroup;
			children = (
				46C0D64119E4318100BDE08D /* Base */,
			);
			name = Main.storyboard;
			sourceTree = "<group>";
		};
		46C0D64519E4318100BDE08D /* LaunchScreen.xib */ = {
			isa = PBXVariantGroup;
			children = (
				46C0D64619E4318100BDE08D /* Base */,
			);
			name = LaunchScreen.xib;
			sourceTree = "<group>";
		};
/* End PBXVariantGroup section */

/* Begin XCBuildConfiguration section */
		46C0D65419E4318100BDE08D /* Debug */ = {
			isa = XCBuildConfiguration;
			buildSettings = {
				ALWAYS_SEARCH_USER_PATHS = NO;
				CLANG_CXX_LANGUAGE_STANDARD = "gnu++0x";
				CLANG_CXX_LIBRARY = "libc++";
				CLANG_ENABLE_MODULES = YES;
				CLANG_ENABLE_OBJC_ARC = YES;
				CLANG_WARN_BOOL_CONVERSION = YES;
				CLANG_WARN_CONSTANT_CONVERSION = YES;
				CLANG_WARN_DIRECT_OBJC_ISA_USAGE = YES_ERROR;
				CLANG_WARN_EMPTY_BODY = YES;
				CLANG_WARN_ENUM_CONVERSION = YES;
				CLANG_WARN_INT_CONVERSION = YES;
				CLANG_WARN_OBJC_ROOT_CLASS = YES_ERROR;
				CLANG_WARN_UNREACHABLE_CODE = YES;
				CLANG_WARN__DUPLICATE_METHOD_MATCH = YES;
				"CODE_SIGN_IDENTITY[sdk=iphoneos*]" = "iPhone Developer";
				COPY_PHASE_STRIP = NO;
				ENABLE_STRICT_OBJC_MSGSEND = YES;
				GCC_C_LANGUAGE_STANDARD = gnu99;
				GCC_DYNAMIC_NO_PIC = NO;
				GCC_OPTIMIZATION_LEVEL = 0;
				GCC_PREPROCESSOR_DEFINITIONS = (
					"DEBUG=1",
					"$(inherited)",
				);
				GCC_SYMBOLS_PRIVATE_EXTERN = NO;
				GCC_WARN_64_TO_32_BIT_CONVERSION = YES;
				GCC_WARN_ABOUT_RETURN_TYPE = YES_ERROR;
				GCC_WARN_UNDECLARED_SELECTOR = YES;
				GCC_WARN_UNINITIALIZED_AUTOS = YES_AGGRESSIVE;
				GCC_WARN_UNUSED_FUNCTION = YES;
				GCC_WARN_UNUSED_VARIABLE = YES;
				IPHONEOS_DEPLOYMENT_TARGET = 8.0;
				MTL_ENABLE_DEBUG_INFO = YES;
				ONLY_ACTIVE_ARCH = YES;
				SDKROOT = iphoneos;
			};
			name = Debug;
		};
		46C0D65519E4318100BDE08D /* Release */ = {
			isa = XCBuildConfiguration;
			buildSettings = {
				ALWAYS_SEARCH_USER_PATHS = NO;
				CLANG_CXX_LANGUAGE_STANDARD = "gnu++0x";
				CLANG_CXX_LIBRARY = "libc++";
				CLANG_ENABLE_MODULES = YES;
				CLANG_ENABLE_OBJC_ARC = YES;
				CLANG_WARN_BOOL_CONVERSION = YES;
				CLANG_WARN_CONSTANT_CONVERSION = YES;
				CLANG_WARN_DIRECT_OBJC_ISA_USAGE = YES_ERROR;
				CLANG_WARN_EMPTY_BODY = YES;
				CLANG_WARN_ENUM_CONVERSION = YES;
				CLANG_WARN_INT_CONVERSION = YES;
				CLANG_WARN_OBJC_ROOT_CLASS = YES_ERROR;
				CLANG_WARN_UNREACHABLE_CODE = YES;
				CLANG_WARN__DUPLICATE_METHOD_MATCH = YES;
				"CODE_SIGN_IDENTITY[sdk=iphoneos*]" = "iPhone Developer";
				COPY_PHASE_STRIP = YES;
				ENABLE_NS_ASSERTIONS = NO;
				ENABLE_STRICT_OBJC_MSGSEND = YES;
				GCC_C_LANGUAGE_STANDARD = gnu99;
				GCC_WARN_64_TO_32_BIT_CONVERSION = YES;
				GCC_WARN_ABOUT_RETURN_TYPE = YES_ERROR;
				GCC_WARN_UNDECLARED_SELECTOR = YES;
				GCC_WARN_UNINITIALIZED_AUTOS = YES_AGGRESSIVE;
				GCC_WARN_UNUSED_FUNCTION = YES;
				GCC_WARN_UNUSED_VARIABLE = YES;
				IPHONEOS_DEPLOYMENT_TARGET = 8.0;
				MTL_ENABLE_DEBUG_INFO = NO;
				SDKROOT = iphoneos;
				VALIDATE_PRODUCT = YES;
			};
			name = Release;
		};
		46C0D65719E4318100BDE08D /* Debug */ = {
			isa = XCBuildConfiguration;
			buildSettings = {
				ASSETCATALOG_COMPILER_APPICON_NAME = AppIcon;
				HEADER_SEARCH_PATHS = (
					"$(inherited)",
					/Applications/Xcode.app/Contents/Developer/Toolchains/XcodeDefault.xctoolchain/usr/include,
					/usr/include/libxml2,
				);
				INFOPLIST_FILE = EncyclopediaOfIntegerSequences/Info.plist;
				LD_RUNPATH_SEARCH_PATHS = "$(inherited) @executable_path/Frameworks";
				PRODUCT_NAME = "$(TARGET_NAME)";
			};
			name = Debug;
		};
		46C0D65819E4318100BDE08D /* Release */ = {
			isa = XCBuildConfiguration;
			buildSettings = {
				ASSETCATALOG_COMPILER_APPICON_NAME = AppIcon;
				HEADER_SEARCH_PATHS = (
					"$(inherited)",
					/Applications/Xcode.app/Contents/Developer/Toolchains/XcodeDefault.xctoolchain/usr/include,
					/usr/include/libxml2,
				);
				INFOPLIST_FILE = EncyclopediaOfIntegerSequences/Info.plist;
				LD_RUNPATH_SEARCH_PATHS = "$(inherited) @executable_path/Frameworks";
				PRODUCT_NAME = "$(TARGET_NAME)";
			};
			name = Release;
		};
		46C0D65A19E4318100BDE08D /* Debug */ = {
			isa = XCBuildConfiguration;
			buildSettings = {
				BUNDLE_LOADER = "$(TEST_HOST)";
				FRAMEWORK_SEARCH_PATHS = (
					"$(SDKROOT)/Developer/Library/Frameworks",
					"$(inherited)",
				);
				GCC_PREPROCESSOR_DEFINITIONS = (
					"DEBUG=1",
					"$(inherited)",
				);
				INFOPLIST_FILE = EncyclopediaOfIntegerSequencesTests/Info.plist;
				LD_RUNPATH_SEARCH_PATHS = "$(inherited) @executable_path/Frameworks @loader_path/Frameworks";
				PRODUCT_NAME = "$(TARGET_NAME)";
				TEST_HOST = "$(BUILT_PRODUCTS_DIR)/EncyclopediaOfIntegerSequences.app/EncyclopediaOfIntegerSequences";
			};
			name = Debug;
		};
		46C0D65B19E4318100BDE08D /* Release */ = {
			isa = XCBuildConfiguration;
			buildSettings = {
				BUNDLE_LOADER = "$(TEST_HOST)";
				FRAMEWORK_SEARCH_PATHS = (
					"$(SDKROOT)/Developer/Library/Frameworks",
					"$(inherited)",
				);
				INFOPLIST_FILE = EncyclopediaOfIntegerSequencesTests/Info.plist;
				LD_RUNPATH_SEARCH_PATHS = "$(inherited) @executable_path/Frameworks @loader_path/Frameworks";
				PRODUCT_NAME = "$(TARGET_NAME)";
				TEST_HOST = "$(BUILT_PRODUCTS_DIR)/EncyclopediaOfIntegerSequences.app/EncyclopediaOfIntegerSequences";
			};
			name = Release;
		};
/* End XCBuildConfiguration section */

/* Begin XCConfigurationList section */
		46C0D62E19E4318100BDE08D /* Build configuration list for PBXProject "EncyclopediaOfIntegerSequences" */ = {
			isa = XCConfigurationList;
			buildConfigurations = (
				46C0D65419E4318100BDE08D /* Debug */,
				46C0D65519E4318100BDE08D /* Release */,
			);
			defaultConfigurationIsVisible = 0;
			defaultConfigurationName = Release;
		};
		46C0D65619E4318100BDE08D /* Build configuration list for PBXNativeTarget "EncyclopediaOfIntegerSequences" */ = {
			isa = XCConfigurationList;
			buildConfigurations = (
				46C0D65719E4318100BDE08D /* Debug */,
				46C0D65819E4318100BDE08D /* Release */,
			);
			defaultConfigurationIsVisible = 0;
			defaultConfigurationName = Release;
		};
		46C0D65919E4318100BDE08D /* Build configuration list for PBXNativeTarget "EncyclopediaOfIntegerSequencesTests" */ = {
			isa = XCConfigurationList;
			buildConfigurations = (
				46C0D65A19E4318100BDE08D /* Debug */,
				46C0D65B19E4318100BDE08D /* Release */,
			);
			defaultConfigurationIsVisible = 0;
			defaultConfigurationName = Release;
		};
/* End XCConfigurationList section */
	};
	rootObject = 46C0D62B19E4318100BDE08D /* Project object */;
}
